
Microsoft Visual Studio Solution File, Format Version 12.00
# Visual Studio 15
VisualStudioVersion = 15.0.28307.2092
MinimumVisualStudioVersion = 10.0.40219.1
Project("{FAE04EC0-301F-11D3-BF4B-00C04F79EFBC}") = "ISRA", "ISRA\ISRA.csproj", "{C93FE1DB-2FFB-4224-9B20-309E55C8CC1E}"
EndProject
Project("{FAE04EC0-301F-11D3-BF4B-00C04F79EFBC}") = "Web_Services", "Web_Services\Web_Services.csproj", "{8C1FA9DC-99D5-419A-BA91-EC1581FD836F}"
EndProject
Project("{FAE04EC0-301F-11D3-BF4B-00C04F79EFBC}") = "ClassLibrary", "ClassLibrary\ClassLibrary.csproj", "{C91D7663-878C-495B-8B7A-F53759811F0E}"
EndProject
Global
	GlobalSection(SolutionConfigurationPlatforms) = preSolution
		Debug|Any CPU = Debug|Any CPU
		Release|Any CPU = Release|Any CPU
	EndGlobalSection
	GlobalSection(ProjectConfigurationPlatforms) = postSolution
		{C93FE1DB-2FFB-4224-9B20-309E55C8CC1E}.Debug|Any CPU.ActiveCfg = Debug|Any CPU
		{C93FE1DB-2FFB-4224-9B20-309E55C8CC1E}.Debug|Any CPU.Build.0 = Debug|Any CPU
		{C93FE1DB-2FFB-4224-9B20-309E55C8CC1E}.Release|Any CPU.ActiveCfg = Release|Any CPU
		{C93FE1DB-2FFB-4224-9B20-309E55C8CC1E}.Release|Any CPU.Build.0 = Release|Any CPU
		{8C1FA9DC-99D5-419A-BA91-EC1581FD836F}.Debug|Any CPU.ActiveCfg = Debug|Any CPU
		{8C1FA9DC-99D5-419A-BA91-EC1581FD836F}.Debug|Any CPU.Build.0 = Debug|Any CPU
		{8C1FA9DC-99D5-419A-BA91-EC1581FD836F}.Release|Any CPU.ActiveCfg = Release|Any CPU
		{8C1FA9DC-99D5-419A-BA91-EC1581FD836F}.Release|Any CPU.Build.0 = Release|Any CPU
		{C91D7663-878C-495B-8B7A-F53759811F0E}.Debug|Any CPU.ActiveCfg = Debug|Any CPU
		{C91D7663-878C-495B-8B7A-F53759811F0E}.Debug|Any CPU.Build.0 = Debug|Any CPU
		{C91D7663-878C-495B-8B7A-F53759811F0E}.Release|Any CPU.ActiveCfg = Release|Any CPU
		{C91D7663-878C-495B-8B7A-F53759811F0E}.Release|Any CPU.Build.0 = Release|Any CPU
	EndGlobalSection
	GlobalSection(SolutionProperties) = preSolution
		HideSolutionNode = FALSE
	EndGlobalSection
	GlobalSection(ExtensibilityGlobals) = postSolution
		SolutionGuid = {1C980C7B-CA2B-4729-A7A8-09FB7378C318}
	EndGlobalSection
EndGlobal
